{
    "_readme": [
        "This file locks the dependencies of your project to a known state",
        "Read more about it at https://getcomposer.org/doc/01-basic-usage.md#installing-dependencies",
        "This file is @generated automatically"
    ],
    "content-hash": "dd955437d21ce80fef04c2b9679229f2",
    "packages": [
        {
            "name": "tcdent/php-restclient",
            "version": "0.1.8.1",
            "source": {
                "type": "git",
                "url": "https://github.com/tcdent/php-restclient.git",
                "reference": "3cd56917108a75ce058a6516f630f43179d7bb68"
            },
            "dist": {
                "type": "zip",
                "url": "https://api.github.com/repos/tcdent/php-restclient/zipball/3cd56917108a75ce058a6516f630f43179d7bb68",
                "reference": "3cd56917108a75ce058a6516f630f43179d7bb68",
                "shasum": ""
            },
            "require": {
                "ext-curl": "*",
                "ext-json": "*",
                "php": ">=7.2"
            },
            "require-dev": {
                "php": ">=8.0",
                "phpunit/phpunit": ">=9.5"
            },
            "type": "library",
            "autoload": {
                "files": [
                    "restclient.php"
                ]
            },
            "notification-url": "https://packagist.org/downloads/",
            "license": [
                "MIT"
            ],
            "authors": [
                {
                    "name": "Travis Dent",
                    "email": "tcdent@gmail.com",
                    "role": "Developer"
                }
            ],
            "description": "A generic REST API client for PHP",
            "homepage": "http://github.com/tcdent/php-restclient",
            "keywords": [
                "api",
                "client",
                "curl",
                "json",
                "rest",
                "xml"
            ],
            "support": {
                "issues": "http://github.com/tcdent/php-restclient/issues",
                "source": "https://github.com/tcdent/php-restclient/tree/0.1.8.1"
            },
            "time": "2022-06-15T01:04:35+00:00"
        },
        {
            "name": "th3n3rd/cartesian-product",
            "version": "v0.3.0",
            "source": {
                "type": "git",
                "url": "https://github.com/th3n3rd/cartesian-product.git",
                "reference": "78b22f4feb4ef3efc1e99dfe5d932e17024b035d"
            },
            "dist": {
                "type": "zip",
                "url": "https://api.github.com/repos/th3n3rd/cartesian-product/zipball/78b22f4feb4ef3efc1e99dfe5d932e17024b035d",
                "reference": "78b22f4feb4ef3efc1e99dfe5d932e17024b035d",
                "shasum": ""
            },
            "require": {
                "php": ">=5.3.3"
            },
            "require-dev": {
                "devster/ubench": "~1.1",
                "phpunit/phpunit": "~4.4"
            },
            "type": "library",
            "extra": {
                "branch-alias": {
                    "dev-master": "0.3-dev"
                }
            },
            "autoload": {
                "psr-4": {
                    "Nerd\\CartesianProduct\\": "src"
                }
            },
            "notification-url": "https://packagist.org/downloads/",
            "license": [
                "MIT"
            ],
            "authors": [
                {
                    "name": "Marco Garofalo",
                    "email": "marcogarofalo.personal@gmail.com"
                }
            ],
            "description": "Memory efficient Cartesian Product implementation",
            "keywords": [
                "cartesian",
                "product"
            ],
            "support": {
                "issues": "https://github.com/th3n3rd/cartesian-product/issues",
                "source": "https://github.com/th3n3rd/cartesian-product/tree/master"
            },
            "time": "2015-05-30T08:42:25+00:00"
        }
    ],
    "packages-dev": [],
    "aliases": [],
    "minimum-stability": "stable",
    "stability-flags": [],
    "prefer-stable": false,
    "prefer-lowest": false,
    "platform": {
        "php": "^8.1"
    },
    "platform-dev": [],
    "plugin-api-version": "2.2.0"
}
